
Microsoft Visual Studio Solution File, Format Version 12.00
# Visual Studio Version 17
VisualStudioVersion = 17.0.31903.59
MinimumVisualStudioVersion = 10.0.40219.1
Project("{2150E333-8FDC-42A3-9474-1A3956D46DE8}") = "src", "src", "{827E0CD3-B72D-47B6-A68D-7590B98EB39B}"
EndProject
Project("{FAE04EC0-301F-11D3-BF4B-00C04F79EFBC}") = "PubsApp.Core", "src\PubsApp.Core\PubsApp.Core.csproj", "{E15EA17F-BBD5-43E5-BC32-A52FFB44363F}"
EndProject
Project("{FAE04EC0-301F-11D3-BF4B-00C04F79EFBC}") = "PubsApp.Application", "src\PubsApp.Application\PubsApp.Application.csproj", "{5CC6504F-1818-437F-8AD1-6BAF6895EF3E}"
EndProject
Project("{FAE04EC0-301F-11D3-BF4B-00C04F79EFBC}") = "PubsApp.Infrastructure", "src\PubsApp.Infrastructure\PubsApp.Infrastructure.csproj", "{DE8C744F-DF03-4821-8D2E-56C1399F9871}"
EndProject
Project("{FAE04EC0-301F-11D3-BF4B-00C04F79EFBC}") = "PubsApp.API", "src\PubsApp.API\PubsApp.API.csproj", "{E4ED8535-7C84-4AF7-8642-8B6FFBD56C38}"
EndProject
Project("{FAE04EC0-301F-11D3-BF4B-00C04F79EFBC}") = "PubsApp.Tests.Unit", "tests\PubsApp.Tests.Unit\PubsApp.Tests.Unit.csproj", "{2444EA06-1915-429E-BDAC-1265F550BC53}"
EndProject
Project("{FAE04EC0-301F-11D3-BF4B-00C04F79EFBC}") = "PubsApp.Tests.Integration", "tests\PubsApp.Tests.Integration\PubsApp.Tests.Integration.csproj", "{0FFB1B8D-1A58-49DB-A79A-50838CE3AD33}"
EndProject
Project("{FAE04EC0-301F-11D3-BF4B-00C04F79EFBC}") = "PubsApp.Web", "src\PubsApp.Web\PubsApp.Web.csproj", "{A952E718-6771-482E-BB7B-EBF9A6BF769D}"
EndProject
Global
	GlobalSection(SolutionConfigurationPlatforms) = preSolution
		Debug|Any CPU = Debug|Any CPU
		Debug|x64 = Debug|x64
		Debug|x86 = Debug|x86
		Release|Any CPU = Release|Any CPU
		Release|x64 = Release|x64
		Release|x86 = Release|x86
	EndGlobalSection
	GlobalSection(ProjectConfigurationPlatforms) = postSolution
		{E15EA17F-BBD5-43E5-BC32-A52FFB44363F}.Debug|Any CPU.ActiveCfg = Debug|Any CPU
		{E15EA17F-BBD5-43E5-BC32-A52FFB44363F}.Debug|Any CPU.Build.0 = Debug|Any CPU
		{E15EA17F-BBD5-43E5-BC32-A52FFB44363F}.Debug|x64.ActiveCfg = Debug|Any CPU
		{E15EA17F-BBD5-43E5-BC32-A52FFB44363F}.Debug|x64.Build.0 = Debug|Any CPU
		{E15EA17F-BBD5-43E5-BC32-A52FFB44363F}.Debug|x86.ActiveCfg = Debug|Any CPU
		{E15EA17F-BBD5-43E5-BC32-A52FFB44363F}.Debug|x86.Build.0 = Debug|Any CPU
		{E15EA17F-BBD5-43E5-BC32-A52FFB44363F}.Release|Any CPU.ActiveCfg = Release|Any CPU
		{E15EA17F-BBD5-43E5-BC32-A52FFB44363F}.Release|Any CPU.Build.0 = Release|Any CPU
		{E15EA17F-BBD5-43E5-BC32-A52FFB44363F}.Release|x64.ActiveCfg = Release|Any CPU
		{E15EA17F-BBD5-43E5-BC32-A52FFB44363F}.Release|x64.Build.0 = Release|Any CPU
		{E15EA17F-BBD5-43E5-BC32-A52FFB44363F}.Release|x86.ActiveCfg = Release|Any CPU
		{E15EA17F-BBD5-43E5-BC32-A52FFB44363F}.Release|x86.Build.0 = Release|Any CPU
		{5CC6504F-1818-437F-8AD1-6BAF6895EF3E}.Debug|Any CPU.ActiveCfg = Debug|Any CPU
		{5CC6504F-1818-437F-8AD1-6BAF6895EF3E}.Debug|Any CPU.Build.0 = Debug|Any CPU
		{5CC6504F-1818-437F-8AD1-6BAF6895EF3E}.Debug|x64.ActiveCfg = Debug|Any CPU
		{5CC6504F-1818-437F-8AD1-6BAF6895EF3E}.Debug|x64.Build.0 = Debug|Any CPU
		{5CC6504F-1818-437F-8AD1-6BAF6895EF3E}.Debug|x86.ActiveCfg = Debug|Any CPU
		{5CC6504F-1818-437F-8AD1-6BAF6895EF3E}.Debug|x86.Build.0 = Debug|Any CPU
		{5CC6504F-1818-437F-8AD1-6BAF6895EF3E}.Release|Any CPU.ActiveCfg = Release|Any CPU
		{5CC6504F-1818-437F-8AD1-6BAF6895EF3E}.Release|Any CPU.Build.0 = Release|Any CPU
		{5CC6504F-1818-437F-8AD1-6BAF6895EF3E}.Release|x64.ActiveCfg = Release|Any CPU
		{5CC6504F-1818-437F-8AD1-6BAF6895EF3E}.Release|x64.Build.0 = Release|Any CPU
		{5CC6504F-1818-437F-8AD1-6BAF6895EF3E}.Release|x86.ActiveCfg = Release|Any CPU
		{5CC6504F-1818-437F-8AD1-6BAF6895EF3E}.Release|x86.Build.0 = Release|Any CPU
		{DE8C744F-DF03-4821-8D2E-56C1399F9871}.Debug|Any CPU.ActiveCfg = Debug|Any CPU
		{DE8C744F-DF03-4821-8D2E-56C1399F9871}.Debug|Any CPU.Build.0 = Debug|Any CPU
		{DE8C744F-DF03-4821-8D2E-56C1399F9871}.Debug|x64.ActiveCfg = Debug|Any CPU
		{DE8C744F-DF03-4821-8D2E-56C1399F9871}.Debug|x64.Build.0 = Debug|Any CPU
		{DE8C744F-DF03-4821-8D2E-56C1399F9871}.Debug|x86.ActiveCfg = Debug|Any CPU
		{DE8C744F-DF03-4821-8D2E-56C1399F9871}.Debug|x86.Build.0 = Debug|Any CPU
		{DE8C744F-DF03-4821-8D2E-56C1399F9871}.Release|Any CPU.ActiveCfg = Release|Any CPU
		{DE8C744F-DF03-4821-8D2E-56C1399F9871}.Release|Any CPU.Build.0 = Release|Any CPU
		{DE8C744F-DF03-4821-8D2E-56C1399F9871}.Release|x64.ActiveCfg = Release|Any CPU
		{DE8C744F-DF03-4821-8D2E-56C1399F9871}.Release|x64.Build.0 = Release|Any CPU
		{DE8C744F-DF03-4821-8D2E-56C1399F9871}.Release|x86.ActiveCfg = Release|Any CPU
		{DE8C744F-DF03-4821-8D2E-56C1399F9871}.Release|x86.Build.0 = Release|Any CPU
		{E4ED8535-7C84-4AF7-8642-8B6FFBD56C38}.Debug|Any CPU.ActiveCfg = Debug|Any CPU
		{E4ED8535-7C84-4AF7-8642-8B6FFBD56C38}.Debug|Any CPU.Build.0 = Debug|Any CPU
		{E4ED8535-7C84-4AF7-8642-8B6FFBD56C38}.Debug|x64.ActiveCfg = Debug|Any CPU
		{E4ED8535-7C84-4AF7-8642-8B6FFBD56C38}.Debug|x64.Build.0 = Debug|Any CPU
		{E4ED8535-7C84-4AF7-8642-8B6FFBD56C38}.Debug|x86.ActiveCfg = Debug|Any CPU
		{E4ED8535-7C84-4AF7-8642-8B6FFBD56C38}.Debug|x86.Build.0 = Debug|Any CPU
		{E4ED8535-7C84-4AF7-8642-8B6FFBD56C38}.Release|Any CPU.ActiveCfg = Release|Any CPU
		{E4ED8535-7C84-4AF7-8642-8B6FFBD56C38}.Release|Any CPU.Build.0 = Release|Any CPU
		{E4ED8535-7C84-4AF7-8642-8B6FFBD56C38}.Release|x64.ActiveCfg = Release|Any CPU
		{E4ED8535-7C84-4AF7-8642-8B6FFBD56C38}.Release|x64.Build.0 = Release|Any CPU
		{E4ED8535-7C84-4AF7-8642-8B6FFBD56C38}.Release|x86.ActiveCfg = Release|Any CPU
		{E4ED8535-7C84-4AF7-8642-8B6FFBD56C38}.Release|x86.Build.0 = Release|Any CPU
		{2444EA06-1915-429E-BDAC-1265F550BC53}.Debug|Any CPU.ActiveCfg = Debug|Any CPU
		{2444EA06-1915-429E-BDAC-1265F550BC53}.Debug|Any CPU.Build.0 = Debug|Any CPU
		{2444EA06-1915-429E-BDAC-1265F550BC53}.Debug|x64.ActiveCfg = Debug|Any CPU
		{2444EA06-1915-429E-BDAC-1265F550BC53}.Debug|x64.Build.0 = Debug|Any CPU
		{2444EA06-1915-429E-BDAC-1265F550BC53}.Debug|x86.ActiveCfg = Debug|Any CPU
		{2444EA06-1915-429E-BDAC-1265F550BC53}.Debug|x86.Build.0 = Debug|Any CPU
		{2444EA06-1915-429E-BDAC-1265F550BC53}.Release|Any CPU.ActiveCfg = Release|Any CPU
		{2444EA06-1915-429E-BDAC-1265F550BC53}.Release|Any CPU.Build.0 = Release|Any CPU
		{2444EA06-1915-429E-BDAC-1265F550BC53}.Release|x64.ActiveCfg = Release|Any CPU
		{2444EA06-1915-429E-BDAC-1265F550BC53}.Release|x64.Build.0 = Release|Any CPU
		{2444EA06-1915-429E-BDAC-1265F550BC53}.Release|x86.ActiveCfg = Release|Any CPU
		{2444EA06-1915-429E-BDAC-1265F550BC53}.Release|x86.Build.0 = Release|Any CPU
		{0FFB1B8D-1A58-49DB-A79A-50838CE3AD33}.Debug|Any CPU.ActiveCfg = Debug|Any CPU
		{0FFB1B8D-1A58-49DB-A79A-50838CE3AD33}.Debug|Any CPU.Build.0 = Debug|Any CPU
		{0FFB1B8D-1A58-49DB-A79A-50838CE3AD33}.Debug|x64.ActiveCfg = Debug|Any CPU
		{0FFB1B8D-1A58-49DB-A79A-50838CE3AD33}.Debug|x64.Build.0 = Debug|Any CPU
		{0FFB1B8D-1A58-49DB-A79A-50838CE3AD33}.Debug|x86.ActiveCfg = Debug|Any CPU
		{0FFB1B8D-1A58-49DB-A79A-50838CE3AD33}.Debug|x86.Build.0 = Debug|Any CPU
		{0FFB1B8D-1A58-49DB-A79A-50838CE3AD33}.Release|Any CPU.ActiveCfg = Release|Any CPU
		{0FFB1B8D-1A58-49DB-A79A-50838CE3AD33}.Release|Any CPU.Build.0 = Release|Any CPU
		{0FFB1B8D-1A58-49DB-A79A-50838CE3AD33}.Release|x64.ActiveCfg = Release|Any CPU
		{0FFB1B8D-1A58-49DB-A79A-50838CE3AD33}.Release|x64.Build.0 = Release|Any CPU
		{0FFB1B8D-1A58-49DB-A79A-50838CE3AD33}.Release|x86.ActiveCfg = Release|Any CPU
		{0FFB1B8D-1A58-49DB-A79A-50838CE3AD33}.Release|x86.Build.0 = Release|Any CPU
		{A952E718-6771-482E-BB7B-EBF9A6BF769D}.Debug|Any CPU.ActiveCfg = Debug|Any CPU
		{A952E718-6771-482E-BB7B-EBF9A6BF769D}.Debug|Any CPU.Build.0 = Debug|Any CPU
		{A952E718-6771-482E-BB7B-EBF9A6BF769D}.Debug|x64.ActiveCfg = Debug|Any CPU
		{A952E718-6771-482E-BB7B-EBF9A6BF769D}.Debug|x64.Build.0 = Debug|Any CPU
		{A952E718-6771-482E-BB7B-EBF9A6BF769D}.Debug|x86.ActiveCfg = Debug|Any CPU
		{A952E718-6771-482E-BB7B-EBF9A6BF769D}.Debug|x86.Build.0 = Debug|Any CPU
		{A952E718-6771-482E-BB7B-EBF9A6BF769D}.Release|Any CPU.ActiveCfg = Release|Any CPU
		{A952E718-6771-482E-BB7B-EBF9A6BF769D}.Release|Any CPU.Build.0 = Release|Any CPU
		{A952E718-6771-482E-BB7B-EBF9A6BF769D}.Release|x64.ActiveCfg = Release|Any CPU
		{A952E718-6771-482E-BB7B-EBF9A6BF769D}.Release|x64.Build.0 = Release|Any CPU
		{A952E718-6771-482E-BB7B-EBF9A6BF769D}.Release|x86.ActiveCfg = Release|Any CPU
		{A952E718-6771-482E-BB7B-EBF9A6BF769D}.Release|x86.Build.0 = Release|Any CPU
	EndGlobalSection
	GlobalSection(SolutionProperties) = preSolution
		HideSolutionNode = FALSE
	EndGlobalSection
	GlobalSection(NestedProjects) = preSolution
		{E15EA17F-BBD5-43E5-BC32-A52FFB44363F} = {827E0CD3-B72D-47B6-A68D-7590B98EB39B}
		{5CC6504F-1818-437F-8AD1-6BAF6895EF3E} = {827E0CD3-B72D-47B6-A68D-7590B98EB39B}
		{DE8C744F-DF03-4821-8D2E-56C1399F9871} = {827E0CD3-B72D-47B6-A68D-7590B98EB39B}
		{E4ED8535-7C84-4AF7-8642-8B6FFBD56C38} = {827E0CD3-B72D-47B6-A68D-7590B98EB39B}
		{2444EA06-1915-429E-BDAC-1265F550BC53} = {827E0CD3-B72D-47B6-A68D-7590B98EB39B}
		{0FFB1B8D-1A58-49DB-A79A-50838CE3AD33} = {827E0CD3-B72D-47B6-A68D-7590B98EB39B}
		{A952E718-6771-482E-BB7B-EBF9A6BF769D} = {827E0CD3-B72D-47B6-A68D-7590B98EB39B}
	EndGlobalSection
EndGlobal
